# This file was autogenerated by Stack.
# You should not edit this file by hand.
# For more information, please see the documentation at:
#   https://docs.haskellstack.org/en/stable/lock_files

snapshots:
- original: lts-17.10
  completed:
    sha256: 321b3b9f0c7f76994b39e0dabafdc76478274b4ff74cc5e43d410897a335ad3b
    url: https://raw.githubusercontent.com/commercialhaskell/stackage-snapshots/master/lts/17/10.yaml
    size: 567241
packages:
- original:
    hackage: classy-prelude-yesod-1.5.0
  completed:
    pantry-tree:
      sha256: ae84d4cc0e1daf985db6cdcf2ac92319531b8e60f547183cc46480d00aafbe20
      size: 330
    hackage: classy-prelude-yesod-1.5.0@sha256:8f7e183bdfd6d2ea9674284c4f285294ab086aff60d9be4e5d7d2f3c1a2b05b7,1330
