# This file was autogenerated by Stack.
# You should not edit this file by hand.
# For more information, please see the documentation at:
#   https://docs.haskellstack.org/en/stable/lock_files

packages:
- completed:
    pantry-tree:
      sha256: 586ee2257b255cb7f2a3663711199f9de9e70445ce7cb192f5af07dd66eadac2
      size: 896
    hackage: DRBG-0.5.5@sha256:3b8040bed356e2b63927a27fb6d5adbd19d70c9e1d1bb66111bbeb33e56900eb,2259
  original:
    hackage: DRBG-0.5.5
- completed:
    sha256: 33f85c8d0ecefeb4906eebb62c16ad342dec0502cd3b3b29a3fa48adb47cc30f
    name: telegram-api
    size: 1349719
    url: https://github.com/cblp/haskell-telegram-api/archive/8c369af6a560cb3cf842068ab7c291dea8d5e2b8.tar.gz
    pantry-tree:
      sha256: 9962b8e14b3d58f5413a882f208ca0b48f9068d5acf4e537e3e9f309d0cb90e2
      size: 2903
    version: 0.7.1.0
  original:
    url: https://github.com/cblp/haskell-telegram-api/archive/8c369af6a560cb3cf842068ab7c291dea8d5e2b8.tar.gz
snapshots:
- completed:
    sha256: be747117bed6d462806c883352c3206325b23480825103f5c87884e97e52819a
    size: 619173
    url: https://raw.githubusercontent.com/commercialhaskell/stackage-snapshots/master/lts/19/20.yaml
  original: lts-19.20
