# This file was autogenerated by Stack.
# You should not edit this file by hand.
# For more information, please see the documentation at:
#   https://docs.haskellstack.org/en/stable/lock_files

packages:
- completed:
    name: servant-cli
    pantry-tree:
      sha256: aa8102fb0f3ed5c91990e21b5796301dc6242e37c0ebd4fde145e38729165323
      size: 910
    sha256: a0c14b987ded19b6f486e795c5e2127f26cc47d21972382a0150053eeec702c2
    size: 18608
    url: https://github.com/cblp/servant-cli/archive/929da900e2a6526450e846e7182b3df6bc989209.tar.gz
    version: 0.1.0.2
  original:
    url: https://github.com/cblp/servant-cli/archive/929da900e2a6526450e846e7182b3df6bc989209.tar.gz
- completed:
    hackage: DRBG-0.5.5@sha256:3b8040bed356e2b63927a27fb6d5adbd19d70c9e1d1bb66111bbeb33e56900eb,2259
    pantry-tree:
      sha256: 586ee2257b255cb7f2a3663711199f9de9e70445ce7cb192f5af07dd66eadac2
      size: 896
  original:
    hackage: DRBG-0.5.5
- completed:
    name: telegram-api
    pantry-tree:
      sha256: 0431b806fc67dc90332dfd9fe421f9d721529b4e1ab3648eb88677787256c99e
      size: 2903
    sha256: 601f1bbae80a3fc49628bcad5245cf4f763188b50eca0a219bf5a47937f9b553
    size: 1350624
    url: https://github.com/cblp/haskell-telegram-api/archive/ad5876d510e6d934725b7405e12e68bb8ae5eee9.tar.gz
    version: 0.7.2.0
  original:
    url: https://github.com/cblp/haskell-telegram-api/archive/ad5876d510e6d934725b7405e12e68bb8ae5eee9.tar.gz
- completed:
    name: stellar-sdk
    pantry-tree:
      sha256: b5cb6c698f88931cc0e0b71b769c3bb123c291f6b411965ef3063c135c6bbcc6
      size: 1984
    sha256: 2e2ade2c7268e3bd081ee8b3b35a2c0a204ea30b3e9e3068e139829bf72cf00f
    size: 57970
    url: https://github.com/cblp/haskell-stellar-sdk/archive/958c11f0ecafc5e80751c76c656964dc1ef42b6e.tar.gz
    version: 0.1.0.1
  original:
    url: https://github.com/cblp/haskell-stellar-sdk/archive/958c11f0ecafc5e80751c76c656964dc1ef42b6e.tar.gz
snapshots:
- completed:
    sha256: 9a74d76d250a455d9cd11e74f157e087787fa9aa3c4264e69c94703d1e71aede
    size: 619200
    url: https://raw.githubusercontent.com/commercialhaskell/stackage-snapshots/master/lts/19/30.yaml
  original: lts-19.30
